
Microsoft Visual Studio Solution File, Format Version 12.00
# Visual Studio 15
VisualStudioVersion = 15.0.28307.421
MinimumVisualStudioVersion = 10.0.40219.1
Project("{FAE04EC0-301F-11D3-BF4B-00C04F79EFBC}") = "DrawingDelivery", "DrawingDelivery\DrawingDelivery.csproj", "{098B7F90-D49F-407C-BF84-739BD83D6AEB}"
EndProject
Global
	GlobalSection(SolutionConfigurationPlatforms) = preSolution
		Debug|Any CPU = Debug|Any CPU
		Release|Any CPU = Release|Any CPU
	EndGlobalSection
	GlobalSection(ProjectConfigurationPlatforms) = postSolution
		{098B7F90-D49F-407C-BF84-739BD83D6AEB}.Debug|Any CPU.ActiveCfg = Debug|Any CPU
		{098B7F90-D49F-407C-BF84-739BD83D6AEB}.Debug|Any CPU.Build.0 = Debug|Any CPU
		{098B7F90-D49F-407C-BF84-739BD83D6AEB}.Release|Any CPU.ActiveCfg = Release|Any CPU
		{098B7F90-D49F-407C-BF84-739BD83D6AEB}.Release|Any CPU.Build.0 = Release|Any CPU
	EndGlobalSection
	GlobalSection(SolutionProperties) = preSolution
		HideSolutionNode = FALSE
	EndGlobalSection
	GlobalSection(ExtensibilityGlobals) = postSolution
		SolutionGuid = {1862A4D4-1D63-4B78-844E-C37DAE346465}
	EndGlobalSection
EndGlobal
